json { "name": "odisseia-veneravel-app", "version": "0.1.0", "lockfileVersion": 3, "requires": true, "packages": { "": { "name": "odisseia-veneravel-app", "version": "0.1.0", "private": true, "dependencies": { "@supabase/supabase-js": "^2.45.0", "next": "14.2.5", "react": "^18", "react-dom": "^18" }, "devDependencies": { "@types/node": "^20", "@types/react": "^18", "@types/react-dom": "^18", "eslint": "^8", "eslint-config-next": "14.2.5", "postcss": "^8", "tailwindcss": "^3.4.1", "typescript": "^5" }, "engines": { "node": "20.x" } }, "node_modules/@babel/runtime": { "version": "7.24.8", "resolved": "https://registry.npmjs.org/@babel/runtime/-/runtime-7.24.8.tgz", "integrity": "sha512-s2w3gB2S8yCoX2/Hzh4s49aPqX89s++YqD1qC5jC1Wn/tk3utN+JSO8yHqgzd1POXq1r2h6+zSK6s+m0Gk/gA==", "dependencies": { "regenerator-runtime": "^0.14.0" }, "engines": { "node": ">=6.9.0" } }, "node_modules/@supabase/functions-js": { "version": "2.4.1", "resolved": "https://registry.npmjs.org/@supabase/functions-js/-/functions-js-2.4.1.tgz", "integrity": "sha512-5+m7lI2zGmmwZfR4uJbQ9x+MvVjQyqGVS+R1o8F/Q0T8nmCgFyOBlzI/u9HnS3v6a7k7295T4T7+8WwH2L53JA==", "dependencies": { "cross-fetch": "^4.0.0" } }, "node_modules/@supabase/gotrue-js": { "version": "2.61.0", "resolved": "https://registry.npmjs.org/@supabase/gotrue-js/-/gotrue-js-2.61.0.tgz", "integrity": "sha512-L+h3eWf6eLqN3/201b1/V0bH+P6P6E84C1o/y2+rYtBChpU3G6gK2h9l1E0j2f3n7c8C2M++s+A84g==", "dependencies": { "@supabase/node-fetch": "^2.6.2", "cross-fetch": "^4.0.0", "jwt-decode": "^3.1.2", "uuid": "^9.0.0" } }, "node_modules/@supabase/node-fetch": { "version": "2.6.2", "resolved": "https://registry.npmjs.org/@supabase/node-fetch/-/node-fetch-2.6.2.tgz", "integrity": "sha512-f+X59yYJt9KBkGz4E0V28A3dO5f+22ZpBwsdO8iCrcmNfUpL+3rEs22Z3h+TSx+Ld6wO5x+cI52l12y/8xkhhg==" }, "node_modules/@supabase/postgrest-js": { "version": "1.15.5", "resolved": "https://registry.npmjs.org/@supabase/postgrest-js/-/postgrest-js-1.15.5.tgz", "integrity": "sha512-h8W4kEmlt/g3r4C5119tA/9e4M/rLz9+4kF+PBlvFwY3dC38L3rD7yU3631pAWz3L4Uj4D+4c8mBTAA==", "dependencies": { "cross-fetch": "^4.0.0" } }, "node_modules/@supabase/realtime-js": { "version": "2.10.0", "resolved": "https://registry.npmjs.org/@supabase/realtime-js/-/realtime-js-2.10.0.tgz", "integrity": "sha512-3hL07Z5Vw7WvjJ155+j8iJ9O2qD+w4Nl331bKIrF8YlVfA/XjX90w/o3433Gf4H8oV9s6Vp69sS0g==", "dependencies": { "backoff-js": "^1.0.1", "cross-fetch": "^4.0.0" } }, "node_modules/@supabase/storage-js": { "version": "2.5.4", "resolved": "https://registry.npmjs.org/@supabase/storage-js/-/storage-js-2.5.4.tgz", "integrity": "sha512-Y53p8YmKj1g59R+3I5W+VlQO0L29xV+fVpGddzX+8YvN2cZl90gUaWzW8g5G3cDbEaP0LhUj4c6k7Q==", "dependencies": { "cross-fetch": "^4.0.0" } }, "node_modules/@supabase/supabase-js": { "version": "2.45.0", "resolved": "https://registry.npmjs.org/@supabase/supabase-js/-/supabase-js-2.45.0.tgz", "integrity": "sha512-+1uA3V/d7yXl+gL+55w+xT7UvP6B+G8A3kR50fP/l+JdE694t/zQ3k/i8N5uYQ65A9Z4H4O+H4R4OA==", "dependencies": { "@supabase/functions-js": "2.4.1", "@supabase/gotrue-js": "2.61.0", "@supabase/postgrest-js": "1.15.5", "@supabase/realtime-js": "2.10.0", "@supabase/storage-js": "2.5.4", "cross-fetch": "^4.0.0" } }, "node_modules/backoff-js": { "version": "1.0.1", "resolved": "https://registry.npmjs.org/backoff-js/-/backoff-js-1.0.1.tgz", "integrity": "sha512-y2PlM/p6sY2LgDfZH8GkPBp7s8wBxb4Yv/sB2kF6sQNyQ1l2y+oFw/7H+9Kto/tE12Xg+WfGk+L7yJk3g3wMg==" }, "node_modules/cross-fetch": { "version": "4.0.0", "resolved": "https://registry.npmjs.org/cross-fetch/-/cross-fetch-4.0.0.tgz", "integrity": "sha512-3TfsMP3/9pT9ajR9Dtj0Taa/n2p9e6f2b2oOFt2mG3E9zHxjD27/x/qgYq+s+1e2Qj44Yj65lWp8/z9eX6r/RA==", "engines": { "node": ">= 12.20" } }, "node_modules/jwt-decode": { "version": "3.1.2", "resolved": "https://registry.npmjs.org/jwt-decode/-/jwt-decode-3.1.2.tgz", "integrity": "sha512-U+v2B2o8Q2u34vS0a5L0nQ26iSRfE90a2+aA6g2LC7gQ9uF78W5IA9gny/A/9aXwDqIe9gQ23r2iGOCvA+3pQ==" }, "node_modules/next": { "version": "14.2.5", "resolved": "https://registry.npmjs.org/next/-/next-14.2.5.tgz", "integrity": "sha512-G+QJgC+1hN4C1wZ4/f6P8/p8g/bL7pBOKQ2i/p3A/Hw4wM5d/EBCQYt+4995n9vB74TqA6D0tC9A+yQ==", "dependencies": { "@babel/runtime": "7.24.8" }, "bin": { "next": "dist/bin/next" }, "engines": { "node": ">=18.17.0" } }, "node_modules/regenerator-runtime": { "version": "0.14.1", "resolved": "https://registry.npmjs.org/regenerator-runtime/-/regenerator-runtime-0.14.1.tgz", "integrity": "sha512-dYnhHh0nJoMfnkZs6GmmhFknAGRrLznOu5nc9ML+EJxGvrx6H7teuevqVqCuPcPK//3eDrrjQhehXVx9cnkGdw==" }, "node_modules/uuid": { "version": "9.0.1", "resolved": "https://registry.npmjs.org/uuid/-/uuid-9.0.1.tgz", "integrity": "sha512-b+1eJOlsR9K8HJpow9Ok3fiWOWSIcIzXodvv0rQjVoOVNpWMpxf1wZNpt4y9h10odCNrqc/qtLIkaFHUVI7x1g==", "funding": [ "https://github.com/sponsors/broofa", "https://github.com/sponsors/ctavan" ], "bin": { "uuid": "dist/bin/uuid" } } } }